// !$*UTF8*$!
{
	archiveVersion = 1;
	classes = {
	};
	objectVersion = 46;
	objects = {

/* Begin PBXBuildFile section */
		89044DB01B954D59000F3891 /* AppDelegate.swift in Sources */ = {isa = PBXBuildFile; fileRef = 89044DAF1B954D59000F3891 /* AppDelegate.swift */; };
		89044DB21B954D59000F3891 /* ViewController.swift in Sources */ = {isa = PBXBuildFile; fileRef = 89044DB11B954D59000F3891 /* ViewController.swift */; };
		89044DB71B954D59000F3891 /* Images.xcassets in Resources */ = {isa = PBXBuildFile; fileRef = 89044DB61B954D59000F3891 /* Images.xcassets */; };
		89044DC61B954D59000F3891 /* UITextField_InputViewTests.swift in Sources */ = {isa = PBXBuildFile; fileRef = 89044DC51B954D59000F3891 /* UITextField_InputViewTests.swift */; };
		89044DDF1B954D7A000F3891 /* AccessoryView.swift in Sources */ = {isa = PBXBuildFile; fileRef = 89044DD11B954D7A000F3891 /* AccessoryView.swift */; };
		89044DE01B954D7A000F3891 /* AccessoryView.xib in Resources */ = {isa = PBXBuildFile; fileRef = 89044DD21B954D7A000F3891 /* AccessoryView.xib */; };
		89044DE11B954D7A000F3891 /* InputViewTextField.swift in Sources */ = {isa = PBXBuildFile; fileRef = 89044DD31B954D7A000F3891 /* InputViewTextField.swift */; };
		89044DE21B954D7A000F3891 /* TextField+PickerView+Common.swift in Sources */ = {isa = PBXBuildFile; fileRef = 89044DD41B954D7A000F3891 /* TextField+PickerView+Common.swift */; };
		89044DE31B954D7A000F3891 /* MulSelTF.swift in Sources */ = {isa = PBXBuildFile; fileRef = 89044DD61B954D7A000F3891 /* MulSelTF.swift */; };
		89044DE41B954D7A000F3891 /* MulSelView.swift in Sources */ = {isa = PBXBuildFile; fileRef = 89044DD81B954D7A000F3891 /* MulSelView.swift */; };
		89044DE51B954D7A000F3891 /* MulSelView.xib in Resources */ = {isa = PBXBuildFile; fileRef = 89044DD91B954D7A000F3891 /* MulSelView.xib */; };
		89044DE61B954D7A000F3891 /* MulSelViewCell.swift in Sources */ = {isa = PBXBuildFile; fileRef = 89044DDA1B954D7A000F3891 /* MulSelViewCell.swift */; };
		89044DE71B954D7A000F3891 /* MulSelViewCell.xib in Resources */ = {isa = PBXBuildFile; fileRef = 89044DDB1B954D7A000F3891 /* MulSelViewCell.xib */; };
		89044DE81B954D7A000F3891 /* resource.bundle in Resources */ = {isa = PBXBuildFile; fileRef = 89044DDC1B954D7A000F3891 /* resource.bundle */; };
		89044DE91B954D7A000F3891 /* OneColTF.swift in Sources */ = {isa = PBXBuildFile; fileRef = 89044DDE1B954D7A000F3891 /* OneColTF.swift */; };
		89044DF11B954D98000F3891 /* ListTVC.swift in Sources */ = {isa = PBXBuildFile; fileRef = 89044DEA1B954D98000F3891 /* ListTVC.swift */; };
		89044DF21B954D98000F3891 /* MulSelVC.swift in Sources */ = {isa = PBXBuildFile; fileRef = 89044DEB1B954D98000F3891 /* MulSelVC.swift */; };
		89044DF31B954D98000F3891 /* MulSelVC.xib in Resources */ = {isa = PBXBuildFile; fileRef = 89044DEC1B954D98000F3891 /* MulSelVC.xib */; };
		89044DF41B954D98000F3891 /* OneModelVC.swift in Sources */ = {isa = PBXBuildFile; fileRef = 89044DED1B954D98000F3891 /* OneModelVC.swift */; };
		89044DF51B954D98000F3891 /* OneModelVC.xib in Resources */ = {isa = PBXBuildFile; fileRef = 89044DEE1B954D98000F3891 /* OneModelVC.xib */; };
		89044DF61B954D98000F3891 /* OneStringVC.swift in Sources */ = {isa = PBXBuildFile; fileRef = 89044DEF1B954D98000F3891 /* OneStringVC.swift */; };
		89044DF71B954D98000F3891 /* OneStringVC.xib in Resources */ = {isa = PBXBuildFile; fileRef = 89044DF01B954D98000F3891 /* OneStringVC.xib */; };
		89044DFC1B954DCD000F3891 /* LaunchScreen.xib in Resources */ = {isa = PBXBuildFile; fileRef = 89044DF81B954DCD000F3891 /* LaunchScreen.xib */; };
		89044DFD1B954DCD000F3891 /* Main.storyboard in Resources */ = {isa = PBXBuildFile; fileRef = 89044DFA1B954DCD000F3891 /* Main.storyboard */; };
		8998E2441B9D373E00E20A9F /* DatePickerTF.swift in Sources */ = {isa = PBXBuildFile; fileRef = 8998E2431B9D373E00E20A9F /* DatePickerTF.swift */; };
		8998E2471B9D41C800E20A9F /* DatePickerVC.swift in Sources */ = {isa = PBXBuildFile; fileRef = 8998E2451B9D41C800E20A9F /* DatePickerVC.swift */; };
		8998E2481B9D41C800E20A9F /* DatePickerVC.xib in Resources */ = {isa = PBXBuildFile; fileRef = 8998E2461B9D41C800E20A9F /* DatePickerVC.xib */; };
/* End PBXBuildFile section */

/* Begin PBXContainerItemProxy section */
		89044DC01B954D59000F3891 /* PBXContainerItemProxy */ = {
			isa = PBXContainerItemProxy;
			containerPortal = 89044DA21B954D59000F3891 /* Project object */;
			proxyType = 1;
			remoteGlobalIDString = 89044DA91B954D59000F3891;
			remoteInfo = "UITextField+InputView";
		};
/* End PBXContainerItemProxy section */

/* Begin PBXFileReference section */
		89044DAA1B954D59000F3891 /* UITextField+InputView.app */ = {isa = PBXFileReference; explicitFileType = wrapper.application; includeInIndex = 0; path = "UITextField+InputView.app"; sourceTree = BUILT_PRODUCTS_DIR; };
		89044DAE1B954D59000F3891 /* Info.plist */ = {isa = PBXFileReference; lastKnownFileType = text.plist.xml; path = Info.plist; sourceTree = "<group>"; };
		89044DAF1B954D59000F3891 /* AppDelegate.swift */ = {isa = PBXFileReference; lastKnownFileType = sourcecode.swift; path = AppDelegate.swift; sourceTree = "<group>"; };
		89044DB11B954D59000F3891 /* ViewController.swift */ = {isa = PBXFileReference; lastKnownFileType = sourcecode.swift; path = ViewController.swift; sourceTree = "<group>"; };
		89044DB61B954D59000F3891 /* Images.xcassets */ = {isa = PBXFileReference; lastKnownFileType = folder.assetcatalog; path = Images.xcassets; sourceTree = "<group>"; };
		89044DBF1B954D59000F3891 /* UITextField+InputViewTests.xctest */ = {isa = PBXFileReference; explicitFileType = wrapper.cfbundle; includeInIndex = 0; path = "UITextField+InputViewTests.xctest"; sourceTree = BUILT_PRODUCTS_DIR; };
		89044DC41B954D59000F3891 /* Info.plist */ = {isa = PBXFileReference; lastKnownFileType = text.plist.xml; path = Info.plist; sourceTree = "<group>"; };
		89044DC51B954D59000F3891 /* UITextField_InputViewTests.swift */ = {isa = PBXFileReference; lastKnownFileType = sourcecode.swift; path = UITextField_InputViewTests.swift; sourceTree = "<group>"; };
		89044DD11B954D7A000F3891 /* AccessoryView.swift */ = {isa = PBXFileReference; fileEncoding = 4; lastKnownFileType = sourcecode.swift; path = AccessoryView.swift; sourceTree = "<group>"; };
		89044DD21B954D7A000F3891 /* AccessoryView.xib */ = {isa = PBXFileReference; fileEncoding = 4; lastKnownFileType = file.xib; path = AccessoryView.xib; sourceTree = "<group>"; };
		89044DD31B954D7A000F3891 /* InputViewTextField.swift */ = {isa = PBXFileReference; fileEncoding = 4; lastKnownFileType = sourcecode.swift; path = InputViewTextField.swift; sourceTree = "<group>"; };
		89044DD41B954D7A000F3891 /* TextField+PickerView+Common.swift */ = {isa = PBXFileReference; fileEncoding = 4; lastKnownFileType = sourcecode.swift; path = "TextField+PickerView+Common.swift"; sourceTree = "<group>"; };
		89044DD61B954D7A000F3891 /* MulSelTF.swift */ = {isa = PBXFileReference; fileEncoding = 4; lastKnownFileType = sourcecode.swift; path = MulSelTF.swift; sourceTree = "<group>"; };
		89044DD81B954D7A000F3891 /* MulSelView.swift */ = {isa = PBXFileReference; fileEncoding = 4; lastKnownFileType = sourcecode.swift; path = MulSelView.swift; sourceTree = "<group>"; };
		89044DD91B954D7A000F3891 /* MulSelView.xib */ = {isa = PBXFileReference; fileEncoding = 4; lastKnownFileType = file.xib; path = MulSelView.xib; sourceTree = "<group>"; };
		89044DDA1B954D7A000F3891 /* MulSelViewCell.swift */ = {isa = PBXFileReference; fileEncoding = 4; lastKnownFileType = sourcecode.swift; path = MulSelViewCell.swift; sourceTree = "<group>"; };
		89044DDB1B954D7A000F3891 /* MulSelViewCell.xib */ = {isa = PBXFileReference; fileEncoding = 4; lastKnownFileType = file.xib; path = MulSelViewCell.xib; sourceTree = "<group>"; };
		89044DDC1B954D7A000F3891 /* resource.bundle */ = {isa = PBXFileReference; lastKnownFileType = "wrapper.plug-in"; path = resource.bundle; sourceTree = "<group>"; };
		89044DDE1B954D7A000F3891 /* OneColTF.swift */ = {isa = PBXFileReference; fileEncoding = 4; lastKnownFileType = sourcecode.swift; path = OneColTF.swift; sourceTree = "<group>"; };
		89044DEA1B954D98000F3891 /* ListTVC.swift */ = {isa = PBXFileReference; fileEncoding = 4; lastKnownFileType = sourcecode.swift; path = ListTVC.swift; sourceTree = "<group>"; };
		89044DEB1B954D98000F3891 /* MulSelVC.swift */ = {isa = PBXFileReference; fileEncoding = 4; lastKnownFileType = sourcecode.swift; path = MulSelVC.swift; sourceTree = "<group>"; };
		89044DEC1B954D98000F3891 /* MulSelVC.xib */ = {isa = PBXFileReference; fileEncoding = 4; lastKnownFileType = file.xib; path = MulSelVC.xib; sourceTree = "<group>"; };
		89044DED1B954D98000F3891 /* OneModelVC.swift */ = {isa = PBXFileReference; fileEncoding = 4; lastKnownFileType = sourcecode.swift; path = OneModelVC.swift; sourceTree = "<group>"; };
		89044DEE1B954D98000F3891 /* OneModelVC.xib */ = {isa = PBXFileReference; fileEncoding = 4; lastKnownFileType = file.xib; path = OneModelVC.xib; sourceTree = "<group>"; };
		89044DEF1B954D98000F3891 /* OneStringVC.swift */ = {isa = PBXFileReference; fileEncoding = 4; lastKnownFileType = sourcecode.swift; path = OneStringVC.swift; sourceTree = "<group>"; };
		89044DF01B954D98000F3891 /* OneStringVC.xib */ = {isa = PBXFileReference; fileEncoding = 4; lastKnownFileType = file.xib; path = OneStringVC.xib; sourceTree = "<group>"; };
		89044DF91B954DCD000F3891 /* Base */ = {isa = PBXFileReference; lastKnownFileType = file.xib; name = Base; path = Base.lproj/LaunchScreen.xib; sourceTree = "<group>"; };
		89044DFB1B954DCD000F3891 /* Base */ = {isa = PBXFileReference; lastKnownFileType = file.storyboard; name = Base; path = Base.lproj/Main.storyboard; sourceTree = "<group>"; };
		8998E2431B9D373E00E20A9F /* DatePickerTF.swift */ = {isa = PBXFileReference; fileEncoding = 4; lastKnownFileType = sourcecode.swift; path = DatePickerTF.swift; sourceTree = "<group>"; };
		8998E2451B9D41C800E20A9F /* DatePickerVC.swift */ = {isa = PBXFileReference; fileEncoding = 4; lastKnownFileType = sourcecode.swift; path = DatePickerVC.swift; sourceTree = "<group>"; };
		8998E2461B9D41C800E20A9F /* DatePickerVC.xib */ = {isa = PBXFileReference; fileEncoding = 4; lastKnownFileType = file.xib; path = DatePickerVC.xib; sourceTree = "<group>"; };
/* End PBXFileReference section */

/* Begin PBXFrameworksBuildPhase section */
		89044DA71B954D59000F3891 /* Frameworks */ = {
			isa = PBXFrameworksBuildPhase;
			buildActionMask = 2147483647;
			files = (
			);
			runOnlyForDeploymentPostprocessing = 0;
		};
		89044DBC1B954D59000F3891 /* Frameworks */ = {
			isa = PBXFrameworksBuildPhase;
			buildActionMask = 2147483647;
			files = (
			);
			runOnlyForDeploymentPostprocessing = 0;
		};
/* End PBXFrameworksBuildPhase section */

/* Begin PBXGroup section */
		89044DA11B954D59000F3891 = {
			isa = PBXGroup;
			children = (
				89044DAC1B954D59000F3891 /* UITextField+InputView */,
				89044DC21B954D59000F3891 /* UITextField+InputViewTests */,
				89044DAB1B954D59000F3891 /* Products */,
			);
			sourceTree = "<group>";
		};
		89044DAB1B954D59000F3891 /* Products */ = {
			isa = PBXGroup;
			children = (
				89044DAA1B954D59000F3891 /* UITextField+InputView.app */,
				89044DBF1B954D59000F3891 /* UITextField+InputViewTests.xctest */,
			);
			name = Products;
			sourceTree = "<group>";
		};
		89044DAC1B954D59000F3891 /* UITextField+InputView */ = {
			isa = PBXGroup;
			children = (
				89044DCF1B954D7A000F3891 /* TextField+InputView */,
				89044DAF1B954D59000F3891 /* AppDelegate.swift */,
				89044DB11B954D59000F3891 /* ViewController.swift */,
				89044DB61B954D59000F3891 /* Images.xcassets */,
				89044DEA1B954D98000F3891 /* ListTVC.swift */,
				89044DEB1B954D98000F3891 /* MulSelVC.swift */,
				89044DEC1B954D98000F3891 /* MulSelVC.xib */,
				89044DED1B954D98000F3891 /* OneModelVC.swift */,
				89044DEE1B954D98000F3891 /* OneModelVC.xib */,
				89044DEF1B954D98000F3891 /* OneStringVC.swift */,
				89044DF01B954D98000F3891 /* OneStringVC.xib */,
				8998E2451B9D41C800E20A9F /* DatePickerVC.swift */,
				8998E2461B9D41C800E20A9F /* DatePickerVC.xib */,
				89044DF81B954DCD000F3891 /* LaunchScreen.xib */,
				89044DFA1B954DCD000F3891 /* Main.storyboard */,
				89044DAD1B954D59000F3891 /* Supporting Files */,
			);
			path = "UITextField+InputView";
			sourceTree = "<group>";
		};
		89044DAD1B954D59000F3891 /* Supporting Files */ = {
			isa = PBXGroup;
			children = (
				89044DAE1B954D59000F3891 /* Info.plist */,
			);
			name = "Supporting Files";
			sourceTree = "<group>";
		};
		89044DC21B954D59000F3891 /* UITextField+InputViewTests */ = {
			isa = PBXGroup;
			children = (
				89044DC51B954D59000F3891 /* UITextField_InputViewTests.swift */,
				89044DC31B954D59000F3891 /* Supporting Files */,
			);
			path = "UITextField+InputViewTests";
			sourceTree = "<group>";
		};
		89044DC31B954D59000F3891 /* Supporting Files */ = {
			isa = PBXGroup;
			children = (
				89044DC41B954D59000F3891 /* Info.plist */,
			);
			name = "Supporting Files";
			sourceTree = "<group>";
		};
		89044DCF1B954D7A000F3891 /* TextField+InputView */ = {
			isa = PBXGroup;
			children = (
				89044DD01B954D7A000F3891 /* Common */,
				89044DD51B954D7A000F3891 /* MulSel */,
				89044DDD1B954D7A000F3891 /* OneCol */,
				8998E2421B9D370300E20A9F /* DatePicker */,
			);
			path = "TextField+InputView";
			sourceTree = "<group>";
		};
		89044DD01B954D7A000F3891 /* Common */ = {
			isa = PBXGroup;
			children = (
				89044DD11B954D7A000F3891 /* AccessoryView.swift */,
				89044DD21B954D7A000F3891 /* AccessoryView.xib */,
				89044DD31B954D7A000F3891 /* InputViewTextField.swift */,
				89044DD41B954D7A000F3891 /* TextField+PickerView+Common.swift */,
			);
			path = Common;
			sourceTree = "<group>";
		};
		89044DD51B954D7A000F3891 /* MulSel */ = {
			isa = PBXGroup;
			children = (
				89044DD61B954D7A000F3891 /* MulSelTF.swift */,
				89044DD71B954D7A000F3891 /* MulSelView */,
			);
			path = MulSel;
			sourceTree = "<group>";
		};
		89044DD71B954D7A000F3891 /* MulSelView */ = {
			isa = PBXGroup;
			children = (
				89044DD81B954D7A000F3891 /* MulSelView.swift */,
				89044DD91B954D7A000F3891 /* MulSelView.xib */,
				89044DDA1B954D7A000F3891 /* MulSelViewCell.swift */,
				89044DDB1B954D7A000F3891 /* MulSelViewCell.xib */,
				89044DDC1B954D7A000F3891 /* resource.bundle */,
			);
			path = MulSelView;
			sourceTree = "<group>";
		};
		89044DDD1B954D7A000F3891 /* OneCol */ = {
			isa = PBXGroup;
			children = (
				89044DDE1B954D7A000F3891 /* OneColTF.swift */,
			);
			path = OneCol;
			sourceTree = "<group>";
		};
		8998E2421B9D370300E20A9F /* DatePicker */ = {
			isa = PBXGroup;
			children = (
				8998E2431B9D373E00E20A9F /* DatePickerTF.swift */,
			);
			path = DatePicker;
			sourceTree = "<group>";
		};
/* End PBXGroup section */

/* Begin PBXNativeTarget section */
		89044DA91B954D59000F3891 /* UITextField+InputView */ = {
			isa = PBXNativeTarget;
			buildConfigurationList = 89044DC91B954D59000F3891 /* Build configuration list for PBXNativeTarget "UITextField+InputView" */;
			buildPhases = (
				89044DA61B954D59000F3891 /* Sources */,
				89044DA71B954D59000F3891 /* Frameworks */,
				89044DA81B954D59000F3891 /* Resources */,
			);
			buildRules = (
			);
			dependencies = (
			);
			name = "UITextField+InputView";
			productName = "UITextField+InputView";
			productReference = 89044DAA1B954D59000F3891 /* UITextField+InputView.app */;
			productType = "com.apple.product-type.application";
		};
		89044DBE1B954D59000F3891 /* UITextField+InputViewTests */ = {
			isa = PBXNativeTarget;
			buildConfigurationList = 89044DCC1B954D59000F3891 /* Build configuration list for PBXNativeTarget "UITextField+InputViewTests" */;
			buildPhases = (
				89044DBB1B954D59000F3891 /* Sources */,
				89044DBC1B954D59000F3891 /* Frameworks */,
				89044DBD1B954D59000F3891 /* Resources */,
			);
			buildRules = (
			);
			dependencies = (
				89044DC11B954D59000F3891 /* PBXTargetDependency */,
			);
			name = "UITextField+InputViewTests";
			productName = "UITextField+InputViewTests";
			productReference = 89044DBF1B954D59000F3891 /* UITextField+InputViewTests.xctest */;
			productType = "com.apple.product-type.bundle.unit-test";
		};
/* End PBXNativeTarget section */

/* Begin PBXProject section */
		89044DA21B954D59000F3891 /* Project object */ = {
			isa = PBXProject;
			attributes = {
				LastSwiftMigration = 0700;
				LastSwiftUpdateCheck = 0700;
				LastUpgradeCheck = 0700;
				ORGANIZATIONNAME = "冯成林";
				TargetAttributes = {
					89044DA91B954D59000F3891 = {
						CreatedOnToolsVersion = 6.3.1;
					};
					89044DBE1B954D59000F3891 = {
						CreatedOnToolsVersion = 6.3.1;
						TestTargetID = 89044DA91B954D59000F3891;
					};
				};
			};
			buildConfigurationList = 89044DA51B954D59000F3891 /* Build configuration list for PBXProject "UITextField+InputView" */;
			compatibilityVersion = "Xcode 3.2";
			developmentRegion = English;
			hasScannedForEncodings = 0;
			knownRegions = (
				en,
				Base,
			);
			mainGroup = 89044DA11B954D59000F3891;
			productRefGroup = 89044DAB1B954D59000F3891 /* Products */;
			projectDirPath = "";
			projectRoot = "";
			targets = (
				89044DA91B954D59000F3891 /* UITextField+InputView */,
				89044DBE1B954D59000F3891 /* UITextField+InputViewTests */,
			);
		};
/* End PBXProject section */

/* Begin PBXResourcesBuildPhase section */
		89044DA81B954D59000F3891 /* Resources */ = {
			isa = PBXResourcesBuildPhase;
			buildActionMask = 2147483647;
			files = (
				89044DF71B954D98000F3891 /* OneStringVC.xib in Resources */,
				89044DFD1B954DCD000F3891 /* Main.storyboard in Resources */,
				89044DF31B954D98000F3891 /* MulSelVC.xib in Resources */,
				8998E2481B9D41C800E20A9F /* DatePickerVC.xib in Resources */,
				89044DE71B954D7A000F3891 /* MulSelViewCell.xib in Resources */,
				89044DE51B954D7A000F3891 /* MulSelView.xib in Resources */,
				89044DE01B954D7A000F3891 /* AccessoryView.xib in Resources */,
				89044DE81B954D7A000F3891 /* resource.bundle in Resources */,
				89044DB71B954D59000F3891 /* Images.xcassets in Resources */,
				89044DFC1B954DCD000F3891 /* LaunchScreen.xib in Resources */,
				89044DF51B954D98000F3891 /* OneModelVC.xib in Resources */,
			);
			runOnlyForDeploymentPostprocessing = 0;
		};
		89044DBD1B954D59000F3891 /* Resources */ = {
			isa = PBXResourcesBuildPhase;
			buildActionMask = 2147483647;
			files = (
			);
			runOnlyForDeploymentPostprocessing = 0;
		};
/* End PBXResourcesBuildPhase section */

/* Begin PBXSourcesBuildPhase section */
		89044DA61B954D59000F3891 /* Sources */ = {
			isa = PBXSourcesBuildPhase;
			buildActionMask = 2147483647;
			files = (
				89044DB21B954D59000F3891 /* ViewController.swift in Sources */,
				8998E2471B9D41C800E20A9F /* DatePickerVC.swift in Sources */,
				89044DF61B954D98000F3891 /* OneStringVC.swift in Sources */,
				89044DF11B954D98000F3891 /* ListTVC.swift in Sources */,
				8998E2441B9D373E00E20A9F /* DatePickerTF.swift in Sources */,
				89044DE41B954D7A000F3891 /* MulSelView.swift in Sources */,
				89044DE31B954D7A000F3891 /* MulSelTF.swift in Sources */,
				89044DE91B954D7A000F3891 /* OneColTF.swift in Sources */,
				89044DE21B954D7A000F3891 /* TextField+PickerView+Common.swift in Sources */,
				89044DF21B954D98000F3891 /* MulSelVC.swift in Sources */,
				89044DF41B954D98000F3891 /* OneModelVC.swift in Sources */,
				89044DE61B954D7A000F3891 /* MulSelViewCell.swift in Sources */,
				89044DDF1B954D7A000F3891 /* AccessoryView.swift in Sources */,
				89044DB01B954D59000F3891 /* AppDelegate.swift in Sources */,
				89044DE11B954D7A000F3891 /* InputViewTextField.swift in Sources */,
			);
			runOnlyForDeploymentPostprocessing = 0;
		};
		89044DBB1B954D59000F3891 /* Sources */ = {
			isa = PBXSourcesBuildPhase;
			buildActionMask = 2147483647;
			files = (
				89044DC61B954D59000F3891 /* UITextField_InputViewTests.swift in Sources */,
			);
			runOnlyForDeploymentPostprocessing = 0;
		};
/* End PBXSourcesBuildPhase section */

/* Begin PBXTargetDependency section */
		89044DC11B954D59000F3891 /* PBXTargetDependency */ = {
			isa = PBXTargetDependency;
			target = 89044DA91B954D59000F3891 /* UITextField+InputView */;
			targetProxy = 89044DC01B954D59000F3891 /* PBXContainerItemProxy */;
		};
/* End PBXTargetDependency section */

/* Begin PBXVariantGroup section */
		89044DF81B954DCD000F3891 /* LaunchScreen.xib */ = {
			isa = PBXVariantGroup;
			children = (
				89044DF91B954DCD000F3891 /* Base */,
			);
			name = LaunchScreen.xib;
			sourceTree = "<group>";
		};
		89044DFA1B954DCD000F3891 /* Main.storyboard */ = {
			isa = PBXVariantGroup;
			children = (
				89044DFB1B954DCD000F3891 /* Base */,
			);
			name = Main.storyboard;
			sourceTree = "<group>";
		};
/* End PBXVariantGroup section */

/* Begin XCBuildConfiguration section */
		89044DC71B954D59000F3891 /* Debug */ = {
			isa = XCBuildConfiguration;
			buildSettings = {
				ALWAYS_SEARCH_USER_PATHS = NO;
				CLANG_CXX_LANGUAGE_STANDARD = "gnu++0x";
				CLANG_CXX_LIBRARY = "libc++";
				CLANG_ENABLE_MODULES = YES;
				CLANG_ENABLE_OBJC_ARC = YES;
				CLANG_WARN_BOOL_CONVERSION = YES;
				CLANG_WARN_CONSTANT_CONVERSION = YES;
				CLANG_WARN_DIRECT_OBJC_ISA_USAGE = YES_ERROR;
				CLANG_WARN_EMPTY_BODY = YES;
				CLANG_WARN_ENUM_CONVERSION = YES;
				CLANG_WARN_INT_CONVERSION = YES;
				CLANG_WARN_OBJC_ROOT_CLASS = YES_ERROR;
				CLANG_WARN_UNREACHABLE_CODE = YES;
				CLANG_WARN__DUPLICATE_METHOD_MATCH = YES;
				"CODE_SIGN_IDENTITY[sdk=iphoneos*]" = "iPhone Developer";
				COPY_PHASE_STRIP = NO;
				DEBUG_INFORMATION_FORMAT = "dwarf-with-dsym";
				ENABLE_STRICT_OBJC_MSGSEND = YES;
				ENABLE_TESTABILITY = YES;
				GCC_C_LANGUAGE_STANDARD = gnu99;
				GCC_DYNAMIC_NO_PIC = NO;
				GCC_NO_COMMON_BLOCKS = YES;
				GCC_OPTIMIZATION_LEVEL = 0;
				GCC_PREPROCESSOR_DEFINITIONS = (
					"DEBUG=1",
					"$(inherited)",
				);
				GCC_SYMBOLS_PRIVATE_EXTERN = NO;
				GCC_WARN_64_TO_32_BIT_CONVERSION = YES;
				GCC_WARN_ABOUT_RETURN_TYPE = YES_ERROR;
				GCC_WARN_UNDECLARED_SELECTOR = YES;
				GCC_WARN_UNINITIALIZED_AUTOS = YES_AGGRESSIVE;
				GCC_WARN_UNUSED_FUNCTION = YES;
				GCC_WARN_UNUSED_VARIABLE = YES;
				IPHONEOS_DEPLOYMENT_TARGET = 8.3;
				MTL_ENABLE_DEBUG_INFO = YES;
				ONLY_ACTIVE_ARCH = YES;
				SDKROOT = iphoneos;
				SWIFT_OPTIMIZATION_LEVEL = "-Onone";
			};
			name = Debug;
		};
		89044DC81B954D59000F3891 /* Release */ = {
			isa = XCBuildConfiguration;
			buildSettings = {
				ALWAYS_SEARCH_USER_PATHS = NO;
				CLANG_CXX_LANGUAGE_STANDARD = "gnu++0x";
				CLANG_CXX_LIBRARY = "libc++";
				CLANG_ENABLE_MODULES = YES;
				CLANG_ENABLE_OBJC_ARC = YES;
				CLANG_WARN_BOOL_CONVERSION = YES;
				CLANG_WARN_CONSTANT_CONVERSION = YES;
				CLANG_WARN_DIRECT_OBJC_ISA_USAGE = YES_ERROR;
				CLANG_WARN_EMPTY_BODY = YES;
				CLANG_WARN_ENUM_CONVERSION = YES;
				CLANG_WARN_INT_CONVERSION = YES;
				CLANG_WARN_OBJC_ROOT_CLASS = YES_ERROR;
				CLANG_WARN_UNREACHABLE_CODE = YES;
				CLANG_WARN__DUPLICATE_METHOD_MATCH = YES;
				"CODE_SIGN_IDENTITY[sdk=iphoneos*]" = "iPhone Developer";
				COPY_PHASE_STRIP = NO;
				DEBUG_INFORMATION_FORMAT = "dwarf-with-dsym";
				ENABLE_NS_ASSERTIONS = NO;
				ENABLE_STRICT_OBJC_MSGSEND = YES;
				GCC_C_LANGUAGE_STANDARD = gnu99;
				GCC_NO_COMMON_BLOCKS = YES;
				GCC_WARN_64_TO_32_BIT_CONVERSION = YES;
				GCC_WARN_ABOUT_RETURN_TYPE = YES_ERROR;
				GCC_WARN_UNDECLARED_SELECTOR = YES;
				GCC_WARN_UNINITIALIZED_AUTOS = YES_AGGRESSIVE;
				GCC_WARN_UNUSED_FUNCTION = YES;
				GCC_WARN_UNUSED_VARIABLE = YES;
				IPHONEOS_DEPLOYMENT_TARGET = 8.3;
				MTL_ENABLE_DEBUG_INFO = NO;
				SDKROOT = iphoneos;
				VALIDATE_PRODUCT = YES;
			};
			name = Release;
		};
		89044DCA1B954D59000F3891 /* Debug */ = {
			isa = XCBuildConfiguration;
			buildSettings = {
				ASSETCATALOG_COMPILER_APPICON_NAME = AppIcon;
				ASSETCATALOG_COMPILER_LAUNCHIMAGE_NAME = LaunchImage;
				INFOPLIST_FILE = "UITextField+InputView/Info.plist";
				IPHONEOS_DEPLOYMENT_TARGET = 7.0;
				LD_RUNPATH_SEARCH_PATHS = "$(inherited) @executable_path/Frameworks";
				PRODUCT_BUNDLE_IDENTIFIER = "cn.Charlin.$(PRODUCT_NAME:rfc1034identifier)";
				PRODUCT_NAME = "$(TARGET_NAME)";
			};
			name = Debug;
		};
		89044DCB1B954D59000F3891 /* Release */ = {
			isa = XCBuildConfiguration;
			buildSettings = {
				ASSETCATALOG_COMPILER_APPICON_NAME = AppIcon;
				ASSETCATALOG_COMPILER_LAUNCHIMAGE_NAME = LaunchImage;
				INFOPLIST_FILE = "UITextField+InputView/Info.plist";
				IPHONEOS_DEPLOYMENT_TARGET = 7.0;
				LD_RUNPATH_SEARCH_PATHS = "$(inherited) @executable_path/Frameworks";
				PRODUCT_BUNDLE_IDENTIFIER = "cn.Charlin.$(PRODUCT_NAME:rfc1034identifier)";
				PRODUCT_NAME = "$(TARGET_NAME)";
			};
			name = Release;
		};
		89044DCD1B954D59000F3891 /* Debug */ = {
			isa = XCBuildConfiguration;
			buildSettings = {
				BUNDLE_LOADER = "$(TEST_HOST)";
				FRAMEWORK_SEARCH_PATHS = (
					"$(SDKROOT)/Developer/Library/Frameworks",
					"$(inherited)",
				);
				GCC_PREPROCESSOR_DEFINITIONS = (
					"DEBUG=1",
					"$(inherited)",
				);
				INFOPLIST_FILE = "UITextField+InputViewTests/Info.plist";
				LD_RUNPATH_SEARCH_PATHS = "$(inherited) @executable_path/Frameworks @loader_path/Frameworks";
				PRODUCT_BUNDLE_IDENTIFIER = "cn.Charlin.$(PRODUCT_NAME:rfc1034identifier)";
				PRODUCT_NAME = "$(TARGET_NAME)";
				TEST_HOST = "$(BUILT_PRODUCTS_DIR)/UITextField+InputView.app/UITextField+InputView";
			};
			name = Debug;
		};
		89044DCE1B954D59000F3891 /* Release */ = {
			isa = XCBuildConfiguration;
			buildSettings = {
				BUNDLE_LOADER = "$(TEST_HOST)";
				FRAMEWORK_SEARCH_PATHS = (
					"$(SDKROOT)/Developer/Library/Frameworks",
					"$(inherited)",
				);
				INFOPLIST_FILE = "UITextField+InputViewTests/Info.plist";
				LD_RUNPATH_SEARCH_PATHS = "$(inherited) @executable_path/Frameworks @loader_path/Frameworks";
				PRODUCT_BUNDLE_IDENTIFIER = "cn.Charlin.$(PRODUCT_NAME:rfc1034identifier)";
				PRODUCT_NAME = "$(TARGET_NAME)";
				TEST_HOST = "$(BUILT_PRODUCTS_DIR)/UITextField+InputView.app/UITextField+InputView";
			};
			name = Release;
		};
/* End XCBuildConfiguration section */

/* Begin XCConfigurationList section */
		89044DA51B954D59000F3891 /* Build configuration list for PBXProject "UITextField+InputView" */ = {
			isa = XCConfigurationList;
			buildConfigurations = (
				89044DC71B954D59000F3891 /* Debug */,
				89044DC81B954D59000F3891 /* Release */,
			);
			defaultConfigurationIsVisible = 0;
			defaultConfigurationName = Release;
		};
		89044DC91B954D59000F3891 /* Build configuration list for PBXNativeTarget "UITextField+InputView" */ = {
			isa = XCConfigurationList;
			buildConfigurations = (
				89044DCA1B954D59000F3891 /* Debug */,
				89044DCB1B954D59000F3891 /* Release */,
			);
			defaultConfigurationIsVisible = 0;
			defaultConfigurationName = Release;
		};
		89044DCC1B954D59000F3891 /* Build configuration list for PBXNativeTarget "UITextField+InputViewTests" */ = {
			isa = XCConfigurationList;
			buildConfigurations = (
				89044DCD1B954D59000F3891 /* Debug */,
				89044DCE1B954D59000F3891 /* Release */,
			);
			defaultConfigurationIsVisible = 0;
			defaultConfigurationName = Release;
		};
/* End XCConfigurationList section */
	};
	rootObject = 89044DA21B954D59000F3891 /* Project object */;
}
